
Microsoft Visual Studio Solution File, Format Version 12.00
# Visual Studio Version 16
VisualStudioVersion = 16.0.32802.440
MinimumVisualStudioVersion = 10.0.40219.1
Project("{FAE04EC0-301F-11D3-BF4B-00C04F79EFBC}") = "OOP_4Hafta", "OOP_4Hafta\OOP_4Hafta.csproj", "{16638E04-9EA8-483B-A7F5-0EE4A287A194}"
EndProject
Project("{FAE04EC0-301F-11D3-BF4B-00C04F79EFBC}") = "OOP_4Hafta_2", "OOP_4Hafta_2\OOP_4Hafta_2.csproj", "{B1E13C5D-851B-4AF3-B2B1-F575DACF9A2E}"
EndProject
Project("{FAE04EC0-301F-11D3-BF4B-00C04F79EFBC}") = "OOP_4Hafta_3", "OOP_4Hafta_3\OOP_4Hafta_3.csproj", "{DA3DD75E-B5D5-497E-914E-1528DC582E63}"
EndProject
Project("{FAE04EC0-301F-11D3-BF4B-00C04F79EFBC}") = "OOP_5Hafta_1", "OOP_5Hafta_1\OOP_5Hafta_1.csproj", "{85E4A216-D422-4D3C-9428-8F5013590A8C}"
EndProject
Project("{FAE04EC0-301F-11D3-BF4B-00C04F79EFBC}") = "OOP_5Hafta_2", "OOP_5Hafta_2\OOP_5Hafta_2.csproj", "{24B9AA7E-B48A-48C4-82FB-F8B63BCAE0D5}"
EndProject
Project("{FAE04EC0-301F-11D3-BF4B-00C04F79EFBC}") = "OOP_5Hafta_3", "OOP_5Hafta_3\OOP_5Hafta_3.csproj", "{C7DCEE03-FE4D-4C2E-B866-D73BDA0D09EE}"
EndProject
Project("{FAE04EC0-301F-11D3-BF4B-00C04F79EFBC}") = "OOP_6Hafta_1", "OOP_6Hafta_1\OOP_6Hafta_1.csproj", "{A629BBB5-128E-48E6-AC4B-59C918926B16}"
EndProject
Project("{FAE04EC0-301F-11D3-BF4B-00C04F79EFBC}") = "OOP_6Hafta_2", "OOP_6Hafta_2\OOP_6Hafta_2.csproj", "{0B45732A-C2E1-48A1-B26F-66FFEF26F51A}"
EndProject
Project("{FAE04EC0-301F-11D3-BF4B-00C04F79EFBC}") = "OOP_6Hafta_3", "OOP_6Hafta_3\OOP_6Hafta_3.csproj", "{A329A5E3-C7B4-425A-B9EC-B12910841531}"
EndProject
Project("{FAE04EC0-301F-11D3-BF4B-00C04F79EFBC}") = "OOP_7Hafta_1", "OOP_7Hafta_1\OOP_7Hafta_1.csproj", "{9A2E9603-82E8-49C6-9DCB-2994E07ABDCD}"
EndProject
Project("{2150E333-8FDC-42A3-9474-1A3956D46DE8}") = "OOP_10Hafta_1", "OOP_10Hafta_1", "{8AE4B04B-3266-407A-B31D-C9F1DE274D99}"
EndProject
Project("{FAE04EC0-301F-11D3-BF4B-00C04F79EFBC}") = "ClassLibrary1", "OOP_10Hafta_1\ClassLibrary1\ClassLibrary1.csproj", "{E6DC2BA6-FEB8-486C-B432-CDD3913BD637}"
EndProject
Project("{FAE04EC0-301F-11D3-BF4B-00C04F79EFBC}") = "Alan_Hacim", "OOP_10Hafta_1\Alan_Hacim\Alan_Hacim.csproj", "{B099A196-A61D-4F85-9C20-563C0E0A4A06}"
EndProject
Project("{2150E333-8FDC-42A3-9474-1A3956D46DE8}") = "OPP_10Hafta_2", "OPP_10Hafta_2", "{2122EE4A-ED08-41F5-8A96-E8B2A9756530}"
EndProject
Project("{FAE04EC0-301F-11D3-BF4B-00C04F79EFBC}") = "ClassLibrary2", "OOP_10Hafta_2\ClassLibrary2\ClassLibrary2.csproj", "{BE6EA5C4-92C4-49B3-93AE-FBCA3928B56C}"
EndProject
Project("{FAE04EC0-301F-11D3-BF4B-00C04F79EFBC}") = "OrtalamaHesaplayici", "OOP_10Hafta_2\OrtalamaHesaplayici\OrtalamaHesaplayici.csproj", "{EA8F1E8D-8249-4BE9-A405-1533A9DF379D}"
EndProject
Project("{2150E333-8FDC-42A3-9474-1A3956D46DE8}") = "OOP_10Hafta_3", "OOP_10Hafta_3", "{3C05BA5C-68AF-44BD-993C-E6AAD87938AB}"
EndProject
Project("{FAE04EC0-301F-11D3-BF4B-00C04F79EFBC}") = "ClassLibrary3", "OOP_10Hafta_3\ClassLibrary3\ClassLibrary3.csproj", "{63520395-F100-48FD-A748-89D4D5885F39}"
EndProject
Project("{FAE04EC0-301F-11D3-BF4B-00C04F79EFBC}") = "MaasBulalim", "OOP_10Hafta_3\MaasBulalim\MaasBulalim.csproj", "{F15AC4D1-296A-470C-B845-D6AED88711B0}"
EndProject
Project("{2150E333-8FDC-42A3-9474-1A3956D46DE8}") = "OOP_11Hafta_1", "OOP_11Hafta_1", "{8E64E3BA-65A1-4FB0-A059-33BA88FD1F95}"
EndProject
Project("{FAE04EC0-301F-11D3-BF4B-00C04F79EFBC}") = "ClassLibrary4", "OOP_11Hafta_1\ClassLibrary4\ClassLibrary4.csproj", "{512133C9-BEFB-4CFC-ABC9-03458210A308}"
EndProject
Project("{FAE04EC0-301F-11D3-BF4B-00C04F79EFBC}") = "GeometriHesapla", "OOP_11Hafta_1\GeometriHesapla\GeometriHesapla.csproj", "{FF199064-D606-4B30-9918-01BEB4A20293}"
EndProject
Project("{2150E333-8FDC-42A3-9474-1A3956D46DE8}") = "OOP_12Hafta_1_xml", "OOP_12Hafta_1_xml", "{06381A3E-45EC-4D34-BC2F-9EC1AD5D6682}"
EndProject
Project("{FAE04EC0-301F-11D3-BF4B-00C04F79EFBC}") = "XML_Kullanim", "OOP_12Hafta_1_xml\XML_Kullanim\XML_Kullanim.csproj", "{04C8559C-CE02-41DD-BE0E-BF32AC33383C}"
EndProject
Project("{2150E333-8FDC-42A3-9474-1A3956D46DE8}") = "OOP_12Hafta_2", "OOP_12Hafta_2", "{9870689F-3521-4F1E-97A3-0977FC326552}"
EndProject
Project("{FAE04EC0-301F-11D3-BF4B-00C04F79EFBC}") = "SicilKaydetXml", "OOP_12Hafta_2\SicilKaydetXml\SicilKaydetXml.csproj", "{49F54AAD-169E-4CBA-8B7B-E11C065DFA6F}"
EndProject
Global
	GlobalSection(SolutionConfigurationPlatforms) = preSolution
		Debug|Any CPU = Debug|Any CPU
		Release|Any CPU = Release|Any CPU
	EndGlobalSection
	GlobalSection(ProjectConfigurationPlatforms) = postSolution
		{16638E04-9EA8-483B-A7F5-0EE4A287A194}.Debug|Any CPU.ActiveCfg = Debug|Any CPU
		{16638E04-9EA8-483B-A7F5-0EE4A287A194}.Debug|Any CPU.Build.0 = Debug|Any CPU
		{16638E04-9EA8-483B-A7F5-0EE4A287A194}.Release|Any CPU.ActiveCfg = Release|Any CPU
		{16638E04-9EA8-483B-A7F5-0EE4A287A194}.Release|Any CPU.Build.0 = Release|Any CPU
		{B1E13C5D-851B-4AF3-B2B1-F575DACF9A2E}.Debug|Any CPU.ActiveCfg = Debug|Any CPU
		{B1E13C5D-851B-4AF3-B2B1-F575DACF9A2E}.Debug|Any CPU.Build.0 = Debug|Any CPU
		{B1E13C5D-851B-4AF3-B2B1-F575DACF9A2E}.Release|Any CPU.ActiveCfg = Release|Any CPU
		{B1E13C5D-851B-4AF3-B2B1-F575DACF9A2E}.Release|Any CPU.Build.0 = Release|Any CPU
		{DA3DD75E-B5D5-497E-914E-1528DC582E63}.Debug|Any CPU.ActiveCfg = Debug|Any CPU
		{DA3DD75E-B5D5-497E-914E-1528DC582E63}.Debug|Any CPU.Build.0 = Debug|Any CPU
		{DA3DD75E-B5D5-497E-914E-1528DC582E63}.Release|Any CPU.ActiveCfg = Release|Any CPU
		{DA3DD75E-B5D5-497E-914E-1528DC582E63}.Release|Any CPU.Build.0 = Release|Any CPU
		{85E4A216-D422-4D3C-9428-8F5013590A8C}.Debug|Any CPU.ActiveCfg = Debug|Any CPU
		{85E4A216-D422-4D3C-9428-8F5013590A8C}.Debug|Any CPU.Build.0 = Debug|Any CPU
		{85E4A216-D422-4D3C-9428-8F5013590A8C}.Release|Any CPU.ActiveCfg = Release|Any CPU
		{85E4A216-D422-4D3C-9428-8F5013590A8C}.Release|Any CPU.Build.0 = Release|Any CPU
		{24B9AA7E-B48A-48C4-82FB-F8B63BCAE0D5}.Debug|Any CPU.ActiveCfg = Debug|Any CPU
		{24B9AA7E-B48A-48C4-82FB-F8B63BCAE0D5}.Debug|Any CPU.Build.0 = Debug|Any CPU
		{24B9AA7E-B48A-48C4-82FB-F8B63BCAE0D5}.Release|Any CPU.ActiveCfg = Release|Any CPU
		{24B9AA7E-B48A-48C4-82FB-F8B63BCAE0D5}.Release|Any CPU.Build.0 = Release|Any CPU
		{C7DCEE03-FE4D-4C2E-B866-D73BDA0D09EE}.Debug|Any CPU.ActiveCfg = Debug|Any CPU
		{C7DCEE03-FE4D-4C2E-B866-D73BDA0D09EE}.Debug|Any CPU.Build.0 = Debug|Any CPU
		{C7DCEE03-FE4D-4C2E-B866-D73BDA0D09EE}.Release|Any CPU.ActiveCfg = Release|Any CPU
		{C7DCEE03-FE4D-4C2E-B866-D73BDA0D09EE}.Release|Any CPU.Build.0 = Release|Any CPU
		{A629BBB5-128E-48E6-AC4B-59C918926B16}.Debug|Any CPU.ActiveCfg = Debug|Any CPU
		{A629BBB5-128E-48E6-AC4B-59C918926B16}.Debug|Any CPU.Build.0 = Debug|Any CPU
		{A629BBB5-128E-48E6-AC4B-59C918926B16}.Release|Any CPU.ActiveCfg = Release|Any CPU
		{A629BBB5-128E-48E6-AC4B-59C918926B16}.Release|Any CPU.Build.0 = Release|Any CPU
		{0B45732A-C2E1-48A1-B26F-66FFEF26F51A}.Debug|Any CPU.ActiveCfg = Debug|Any CPU
		{0B45732A-C2E1-48A1-B26F-66FFEF26F51A}.Debug|Any CPU.Build.0 = Debug|Any CPU
		{0B45732A-C2E1-48A1-B26F-66FFEF26F51A}.Release|Any CPU.ActiveCfg = Release|Any CPU
		{0B45732A-C2E1-48A1-B26F-66FFEF26F51A}.Release|Any CPU.Build.0 = Release|Any CPU
		{A329A5E3-C7B4-425A-B9EC-B12910841531}.Debug|Any CPU.ActiveCfg = Debug|Any CPU
		{A329A5E3-C7B4-425A-B9EC-B12910841531}.Debug|Any CPU.Build.0 = Debug|Any CPU
		{A329A5E3-C7B4-425A-B9EC-B12910841531}.Release|Any CPU.ActiveCfg = Release|Any CPU
		{A329A5E3-C7B4-425A-B9EC-B12910841531}.Release|Any CPU.Build.0 = Release|Any CPU
		{9A2E9603-82E8-49C6-9DCB-2994E07ABDCD}.Debug|Any CPU.ActiveCfg = Debug|Any CPU
		{9A2E9603-82E8-49C6-9DCB-2994E07ABDCD}.Debug|Any CPU.Build.0 = Debug|Any CPU
		{9A2E9603-82E8-49C6-9DCB-2994E07ABDCD}.Release|Any CPU.ActiveCfg = Release|Any CPU
		{9A2E9603-82E8-49C6-9DCB-2994E07ABDCD}.Release|Any CPU.Build.0 = Release|Any CPU
		{E6DC2BA6-FEB8-486C-B432-CDD3913BD637}.Debug|Any CPU.ActiveCfg = Debug|Any CPU
		{E6DC2BA6-FEB8-486C-B432-CDD3913BD637}.Debug|Any CPU.Build.0 = Debug|Any CPU
		{E6DC2BA6-FEB8-486C-B432-CDD3913BD637}.Release|Any CPU.ActiveCfg = Release|Any CPU
		{E6DC2BA6-FEB8-486C-B432-CDD3913BD637}.Release|Any CPU.Build.0 = Release|Any CPU
		{B099A196-A61D-4F85-9C20-563C0E0A4A06}.Debug|Any CPU.ActiveCfg = Debug|Any CPU
		{B099A196-A61D-4F85-9C20-563C0E0A4A06}.Debug|Any CPU.Build.0 = Debug|Any CPU
		{B099A196-A61D-4F85-9C20-563C0E0A4A06}.Release|Any CPU.ActiveCfg = Release|Any CPU
		{B099A196-A61D-4F85-9C20-563C0E0A4A06}.Release|Any CPU.Build.0 = Release|Any CPU
		{BE6EA5C4-92C4-49B3-93AE-FBCA3928B56C}.Debug|Any CPU.ActiveCfg = Debug|Any CPU
		{BE6EA5C4-92C4-49B3-93AE-FBCA3928B56C}.Debug|Any CPU.Build.0 = Debug|Any CPU
		{BE6EA5C4-92C4-49B3-93AE-FBCA3928B56C}.Release|Any CPU.ActiveCfg = Release|Any CPU
		{BE6EA5C4-92C4-49B3-93AE-FBCA3928B56C}.Release|Any CPU.Build.0 = Release|Any CPU
		{EA8F1E8D-8249-4BE9-A405-1533A9DF379D}.Debug|Any CPU.ActiveCfg = Debug|Any CPU
		{EA8F1E8D-8249-4BE9-A405-1533A9DF379D}.Debug|Any CPU.Build.0 = Debug|Any CPU
		{EA8F1E8D-8249-4BE9-A405-1533A9DF379D}.Release|Any CPU.ActiveCfg = Release|Any CPU
		{EA8F1E8D-8249-4BE9-A405-1533A9DF379D}.Release|Any CPU.Build.0 = Release|Any CPU
		{63520395-F100-48FD-A748-89D4D5885F39}.Debug|Any CPU.ActiveCfg = Debug|Any CPU
		{63520395-F100-48FD-A748-89D4D5885F39}.Debug|Any CPU.Build.0 = Debug|Any CPU
		{63520395-F100-48FD-A748-89D4D5885F39}.Release|Any CPU.ActiveCfg = Release|Any CPU
		{63520395-F100-48FD-A748-89D4D5885F39}.Release|Any CPU.Build.0 = Release|Any CPU
		{F15AC4D1-296A-470C-B845-D6AED88711B0}.Debug|Any CPU.ActiveCfg = Debug|Any CPU
		{F15AC4D1-296A-470C-B845-D6AED88711B0}.Debug|Any CPU.Build.0 = Debug|Any CPU
		{F15AC4D1-296A-470C-B845-D6AED88711B0}.Release|Any CPU.ActiveCfg = Release|Any CPU
		{F15AC4D1-296A-470C-B845-D6AED88711B0}.Release|Any CPU.Build.0 = Release|Any CPU
		{512133C9-BEFB-4CFC-ABC9-03458210A308}.Debug|Any CPU.ActiveCfg = Debug|Any CPU
		{512133C9-BEFB-4CFC-ABC9-03458210A308}.Debug|Any CPU.Build.0 = Debug|Any CPU
		{512133C9-BEFB-4CFC-ABC9-03458210A308}.Release|Any CPU.ActiveCfg = Release|Any CPU
		{512133C9-BEFB-4CFC-ABC9-03458210A308}.Release|Any CPU.Build.0 = Release|Any CPU
		{FF199064-D606-4B30-9918-01BEB4A20293}.Debug|Any CPU.ActiveCfg = Debug|Any CPU
		{FF199064-D606-4B30-9918-01BEB4A20293}.Debug|Any CPU.Build.0 = Debug|Any CPU
		{FF199064-D606-4B30-9918-01BEB4A20293}.Release|Any CPU.ActiveCfg = Release|Any CPU
		{FF199064-D606-4B30-9918-01BEB4A20293}.Release|Any CPU.Build.0 = Release|Any CPU
		{04C8559C-CE02-41DD-BE0E-BF32AC33383C}.Debug|Any CPU.ActiveCfg = Debug|Any CPU
		{04C8559C-CE02-41DD-BE0E-BF32AC33383C}.Debug|Any CPU.Build.0 = Debug|Any CPU
		{04C8559C-CE02-41DD-BE0E-BF32AC33383C}.Release|Any CPU.ActiveCfg = Release|Any CPU
		{04C8559C-CE02-41DD-BE0E-BF32AC33383C}.Release|Any CPU.Build.0 = Release|Any CPU
		{49F54AAD-169E-4CBA-8B7B-E11C065DFA6F}.Debug|Any CPU.ActiveCfg = Debug|Any CPU
		{49F54AAD-169E-4CBA-8B7B-E11C065DFA6F}.Debug|Any CPU.Build.0 = Debug|Any CPU
		{49F54AAD-169E-4CBA-8B7B-E11C065DFA6F}.Release|Any CPU.ActiveCfg = Release|Any CPU
		{49F54AAD-169E-4CBA-8B7B-E11C065DFA6F}.Release|Any CPU.Build.0 = Release|Any CPU
	EndGlobalSection
	GlobalSection(SolutionProperties) = preSolution
		HideSolutionNode = FALSE
	EndGlobalSection
	GlobalSection(NestedProjects) = preSolution
		{E6DC2BA6-FEB8-486C-B432-CDD3913BD637} = {8AE4B04B-3266-407A-B31D-C9F1DE274D99}
		{B099A196-A61D-4F85-9C20-563C0E0A4A06} = {8AE4B04B-3266-407A-B31D-C9F1DE274D99}
		{BE6EA5C4-92C4-49B3-93AE-FBCA3928B56C} = {2122EE4A-ED08-41F5-8A96-E8B2A9756530}
		{EA8F1E8D-8249-4BE9-A405-1533A9DF379D} = {2122EE4A-ED08-41F5-8A96-E8B2A9756530}
		{63520395-F100-48FD-A748-89D4D5885F39} = {3C05BA5C-68AF-44BD-993C-E6AAD87938AB}
		{F15AC4D1-296A-470C-B845-D6AED88711B0} = {3C05BA5C-68AF-44BD-993C-E6AAD87938AB}
		{512133C9-BEFB-4CFC-ABC9-03458210A308} = {8E64E3BA-65A1-4FB0-A059-33BA88FD1F95}
		{FF199064-D606-4B30-9918-01BEB4A20293} = {8E64E3BA-65A1-4FB0-A059-33BA88FD1F95}
		{04C8559C-CE02-41DD-BE0E-BF32AC33383C} = {06381A3E-45EC-4D34-BC2F-9EC1AD5D6682}
		{49F54AAD-169E-4CBA-8B7B-E11C065DFA6F} = {9870689F-3521-4F1E-97A3-0977FC326552}
	EndGlobalSection
	GlobalSection(ExtensibilityGlobals) = postSolution
		SolutionGuid = {D4961307-3341-42BE-B4ED-7D08349CD509}
	EndGlobalSection
EndGlobal
